
Microsoft Visual Studio Solution File, Format Version 12.00
# Visual Studio Version 16
VisualStudioVersion = 16.0.30907.101
MinimumVisualStudioVersion = 10.0.40219.1
Project("{8BC9CEB8-8B4A-11D0-8D11-00A0C91BC942}") = "bitcoinArchive", "bitcoinArchive.vcxproj", "{F8BF9691-5F00-49EE-8141-A6375483BB80}"
EndProject
Global
	GlobalSection(SolutionConfigurationPlatforms) = preSolution
		Debug|x64 = Debug|x64
		Debug|x86 = Debug|x86
		Release|x64 = Release|x64
		Release|x86 = Release|x86
	EndGlobalSection
	GlobalSection(ProjectConfigurationPlatforms) = postSolution
		{F8BF9691-5F00-49EE-8141-A6375483BB80}.Debug|x64.ActiveCfg = Debug|x64
		{F8BF9691-5F00-49EE-8141-A6375483BB80}.Debug|x64.Build.0 = Debug|x64
		{F8BF9691-5F00-49EE-8141-A6375483BB80}.Debug|x86.ActiveCfg = Debug|Win32
		{F8BF9691-5F00-49EE-8141-A6375483BB80}.Debug|x86.Build.0 = Debug|Win32
		{F8BF9691-5F00-49EE-8141-A6375483BB80}.Release|x64.ActiveCfg = Release|x64
		{F8BF9691-5F00-49EE-8141-A6375483BB80}.Release|x64.Build.0 = Release|x64
		{F8BF9691-5F00-49EE-8141-A6375483BB80}.Release|x86.ActiveCfg = Release|Win32
		{F8BF9691-5F00-49EE-8141-A6375483BB80}.Release|x86.Build.0 = Release|Win32
	EndGlobalSection
	GlobalSection(SolutionProperties) = preSolution
		HideSolutionNode = FALSE
	EndGlobalSection
	GlobalSection(ExtensibilityGlobals) = postSolution
		SolutionGuid = {C28A6366-DB43-42BA-B70B-34049A06D5BF}
	EndGlobalSection
EndGlobal
